// !$*UTF8*$!
{
	archiveVersion = 1;
	classes = {
	};
	objectVersion = 51;
	objects = {

/* Begin PBXBuildFile section */
		884725ADA8167F29D97AE587 /* Pods_FinalProject.framework in Frameworks */ = {isa = PBXBuildFile; fileRef = 616A0952860816272EE5A2B1 /* Pods_FinalProject.framework */; };
		F02657CF23CD675300C530EC /* NewsTableViewCellViewModel.swift in Sources */ = {isa = PBXBuildFile; fileRef = F02657CE23CD675300C530EC /* NewsTableViewCellViewModel.swift */; };
		F038D99323CEBD5D00482320 /* APIManager.DownLoader.swift in Sources */ = {isa = PBXBuildFile; fileRef = F038D99223CEBD5D00482320 /* APIManager.DownLoader.swift */; };
		F06C194923EBBEEB00EA77C4 /* FavoritesViewController.swift in Sources */ = {isa = PBXBuildFile; fileRef = F06C194723EBBEEB00EA77C4 /* FavoritesViewController.swift */; };
		F06C194A23EBBEEB00EA77C4 /* FavoritesViewController.xib in Resources */ = {isa = PBXBuildFile; fileRef = F06C194823EBBEEB00EA77C4 /* FavoritesViewController.xib */; };
		F06C194C23EBC55100EA77C4 /* FavoritesViewModel.swift in Sources */ = {isa = PBXBuildFile; fileRef = F06C194B23EBC55100EA77C4 /* FavoritesViewModel.swift */; };
		F06C195423EBC5E300EA77C4 /* FavoritesCell.swift in Sources */ = {isa = PBXBuildFile; fileRef = F06C195223EBC5E300EA77C4 /* FavoritesCell.swift */; };
		F06C195523EBC5E300EA77C4 /* FavoritesCell.xib in Resources */ = {isa = PBXBuildFile; fileRef = F06C195323EBC5E300EA77C4 /* FavoritesCell.xib */; };
		F06C195723EBC5FA00EA77C4 /* FavoritesCellViewModel.swift in Sources */ = {isa = PBXBuildFile; fileRef = F06C195623EBC5FA00EA77C4 /* FavoritesCellViewModel.swift */; };
		F082A75423F3B5CA002CB0EF /* NewsDetailViewModel.swift in Sources */ = {isa = PBXBuildFile; fileRef = F082A75323F3B5CA002CB0EF /* NewsDetailViewModel.swift */; };
		F082A75623F3B7D2002CB0EF /* RealmManager.swift in Sources */ = {isa = PBXBuildFile; fileRef = F082A75523F3B7D2002CB0EF /* RealmManager.swift */; };
		F094DAA523BED339008221E9 /* AppDelegate.swift in Sources */ = {isa = PBXBuildFile; fileRef = F094DAA423BED339008221E9 /* AppDelegate.swift */; };
		F094DAA723BED339008221E9 /* SceneDelegate.swift in Sources */ = {isa = PBXBuildFile; fileRef = F094DAA623BED339008221E9 /* SceneDelegate.swift */; };
		F094DAAE23BED33B008221E9 /* Assets.xcassets in Resources */ = {isa = PBXBuildFile; fileRef = F094DAAD23BED33B008221E9 /* Assets.xcassets */; };
		F094DAB123BED33B008221E9 /* LaunchScreen.storyboard in Resources */ = {isa = PBXBuildFile; fileRef = F094DAAF23BED33B008221E9 /* LaunchScreen.storyboard */; };
		F094DAE923BED400008221E9 /* BaseViewController.swift in Sources */ = {isa = PBXBuildFile; fileRef = F094DAE723BED3FF008221E9 /* BaseViewController.swift */; };
		F094DB0423BED41A008221E9 /* CategoryCell.xib in Resources */ = {isa = PBXBuildFile; fileRef = F094DAED23BED41A008221E9 /* CategoryCell.xib */; };
		F094DB0A23BED41A008221E9 /* HomeViewController.xib in Resources */ = {isa = PBXBuildFile; fileRef = F094DAF523BED41A008221E9 /* HomeViewController.xib */; };
		F094DB0B23BED41A008221E9 /* HomeViewController.swift in Sources */ = {isa = PBXBuildFile; fileRef = F094DAF623BED41A008221E9 /* HomeViewController.swift */; };
		F094DB0C23BED41A008221E9 /* NewsDetailViewController.swift in Sources */ = {isa = PBXBuildFile; fileRef = F094DAF823BED41A008221E9 /* NewsDetailViewController.swift */; };
		F094DB0D23BED41A008221E9 /* NewsDetailViewController.xib in Resources */ = {isa = PBXBuildFile; fileRef = F094DAF923BED41A008221E9 /* NewsDetailViewController.xib */; };
		F094DB2223BEE00E008221E9 /* BaseHomeChildViewController.xib in Resources */ = {isa = PBXBuildFile; fileRef = F094DB1D23BEE00E008221E9 /* BaseHomeChildViewController.xib */; };
		F094DB2323BEE00E008221E9 /* NewsTableViewCell.xib in Resources */ = {isa = PBXBuildFile; fileRef = F094DB1F23BEE00E008221E9 /* NewsTableViewCell.xib */; };
		F094DB2423BEE00E008221E9 /* NewsTableViewCell.swift in Sources */ = {isa = PBXBuildFile; fileRef = F094DB2023BEE00E008221E9 /* NewsTableViewCell.swift */; };
		F094DB2523BEE00E008221E9 /* BaseHomeChildViewController.swift in Sources */ = {isa = PBXBuildFile; fileRef = F094DB2123BEE00E008221E9 /* BaseHomeChildViewController.swift */; };
		F0ADABFA23F52AC00012F1BD /* FavoritesDetailCell.swift in Sources */ = {isa = PBXBuildFile; fileRef = F0ADABF423F52AC00012F1BD /* FavoritesDetailCell.swift */; };
		F0ADABFB23F52AC00012F1BD /* FavoritesDetailCellViewModel.swift in Sources */ = {isa = PBXBuildFile; fileRef = F0ADABF523F52AC00012F1BD /* FavoritesDetailCellViewModel.swift */; };
		F0ADABFC23F52AC00012F1BD /* FavoritesDetailCell.xib in Resources */ = {isa = PBXBuildFile; fileRef = F0ADABF623F52AC00012F1BD /* FavoritesDetailCell.xib */; };
		F0ADABFD23F52AC00012F1BD /* FavoritesDetailViewController.swift in Sources */ = {isa = PBXBuildFile; fileRef = F0ADABF723F52AC00012F1BD /* FavoritesDetailViewController.swift */; };
		F0ADABFE23F52AC00012F1BD /* FavoritesDetailViewController.xib in Resources */ = {isa = PBXBuildFile; fileRef = F0ADABF823F52AC00012F1BD /* FavoritesDetailViewController.xib */; };
		F0ADABFF23F52AC00012F1BD /* FavoritesDetailViewModel.swift in Sources */ = {isa = PBXBuildFile; fileRef = F0ADABF923F52AC00012F1BD /* FavoritesDetailViewModel.swift */; };
		F0ADAC0823F540970012F1BD /* SearchNewsViewModel.swift in Sources */ = {isa = PBXBuildFile; fileRef = F0ADAC0123F540970012F1BD /* SearchNewsViewModel.swift */; };
		F0ADAC0923F540970012F1BD /* SearchNewsViewController.xib in Resources */ = {isa = PBXBuildFile; fileRef = F0ADAC0223F540970012F1BD /* SearchNewsViewController.xib */; };
		F0ADAC0A23F540970012F1BD /* SearchNewsViewController.swift in Sources */ = {isa = PBXBuildFile; fileRef = F0ADAC0323F540970012F1BD /* SearchNewsViewController.swift */; };
		F0ADAC0B23F540970012F1BD /* SearchNewsCell.swift in Sources */ = {isa = PBXBuildFile; fileRef = F0ADAC0523F540970012F1BD /* SearchNewsCell.swift */; };
		F0ADAC0C23F540970012F1BD /* SearchNewsCellViewModel.swift in Sources */ = {isa = PBXBuildFile; fileRef = F0ADAC0623F540970012F1BD /* SearchNewsCellViewModel.swift */; };
		F0ADAC0D23F540970012F1BD /* SearchNewsCell.xib in Resources */ = {isa = PBXBuildFile; fileRef = F0ADAC0723F540970012F1BD /* SearchNewsCell.xib */; };
		F0ADAC0F23F541F80012F1BD /* Data.Ext.swift in Sources */ = {isa = PBXBuildFile; fileRef = F0ADAC0E23F541F80012F1BD /* Data.Ext.swift */; };
		F0DF3D5D23CDBD1400E1CD48 /* News.swift in Sources */ = {isa = PBXBuildFile; fileRef = F0DF3D5323CDBD1400E1CD48 /* News.swift */; };
		F0DF3D5E23CDBD1400E1CD48 /* APIManager.News.swift in Sources */ = {isa = PBXBuildFile; fileRef = F0DF3D5523CDBD1400E1CD48 /* APIManager.News.swift */; };
		F0DF3D5F23CDBD1400E1CD48 /* API.Request.swift in Sources */ = {isa = PBXBuildFile; fileRef = F0DF3D5723CDBD1400E1CD48 /* API.Request.swift */; };
		F0DF3D6023CDBD1400E1CD48 /* APIManager.swift in Sources */ = {isa = PBXBuildFile; fileRef = F0DF3D5823CDBD1400E1CD48 /* APIManager.swift */; };
		F0DF3D6123CDBD1400E1CD48 /* API.swift in Sources */ = {isa = PBXBuildFile; fileRef = F0DF3D5923CDBD1400E1CD48 /* API.swift */; };
		F0DF3D6323CDC22300E1CD48 /* UIImageViewExt.swift in Sources */ = {isa = PBXBuildFile; fileRef = F0DF3D6223CDC22300E1CD48 /* UIImageViewExt.swift */; };
		F0E9109823CC5A1D00038918 /* HomeViewModel.swift in Sources */ = {isa = PBXBuildFile; fileRef = F0E9109723CC5A1D00038918 /* HomeViewModel.swift */; };
		F0E9109A23CC657400038918 /* BaseHomeChildViewModel.swift in Sources */ = {isa = PBXBuildFile; fileRef = F0E9109923CC657400038918 /* BaseHomeChildViewModel.swift */; };
		F0E9109F23CC6CF400038918 /* App.swift in Sources */ = {isa = PBXBuildFile; fileRef = F0E9109E23CC6CF400038918 /* App.swift */; };
		F0E910A123CC6D0900038918 /* Errors.swift in Sources */ = {isa = PBXBuildFile; fileRef = F0E910A023CC6D0900038918 /* Errors.swift */; };
		F0E910A323CC6D2600038918 /* String.swift in Sources */ = {isa = PBXBuildFile; fileRef = F0E910A223CC6D2600038918 /* String.swift */; };
		F0E910A923CC78BF00038918 /* CategoryCell.swift in Sources */ = {isa = PBXBuildFile; fileRef = F0E910A823CC78BF00038918 /* CategoryCell.swift */; };
		F0E910AB23CC7AA400038918 /* CategoryCellViewModel.swift in Sources */ = {isa = PBXBuildFile; fileRef = F0E910AA23CC7AA400038918 /* CategoryCellViewModel.swift */; };
		FF466D5E23E28D7A00AC544C /* Date+DateFormatter.Ext.swift in Sources */ = {isa = PBXBuildFile; fileRef = FF466D5D23E28D7A00AC544C /* Date+DateFormatter.Ext.swift */; };
/* End PBXBuildFile section */

/* Begin PBXFileReference section */
		616A0952860816272EE5A2B1 /* Pods_FinalProject.framework */ = {isa = PBXFileReference; explicitFileType = wrapper.framework; includeInIndex = 0; path = Pods_FinalProject.framework; sourceTree = BUILT_PRODUCTS_DIR; };
		BB6F40BB5EAD7FFC6F954486 /* Pods-FinalProject.debug.xcconfig */ = {isa = PBXFileReference; includeInIndex = 1; lastKnownFileType = text.xcconfig; name = "Pods-FinalProject.debug.xcconfig"; path = "Target Support Files/Pods-FinalProject/Pods-FinalProject.debug.xcconfig"; sourceTree = "<group>"; };
		DC055EEE24704CF615773AC1 /* Pods-FinalProject.release.xcconfig */ = {isa = PBXFileReference; includeInIndex = 1; lastKnownFileType = text.xcconfig; name = "Pods-FinalProject.release.xcconfig"; path = "Target Support Files/Pods-FinalProject/Pods-FinalProject.release.xcconfig"; sourceTree = "<group>"; };
		F02657CE23CD675300C530EC /* NewsTableViewCellViewModel.swift */ = {isa = PBXFileReference; lastKnownFileType = sourcecode.swift; path = NewsTableViewCellViewModel.swift; sourceTree = "<group>"; };
		F038D99223CEBD5D00482320 /* APIManager.DownLoader.swift */ = {isa = PBXFileReference; lastKnownFileType = sourcecode.swift; path = APIManager.DownLoader.swift; sourceTree = "<group>"; };
		F06C194723EBBEEB00EA77C4 /* FavoritesViewController.swift */ = {isa = PBXFileReference; lastKnownFileType = sourcecode.swift; path = FavoritesViewController.swift; sourceTree = "<group>"; };
		F06C194823EBBEEB00EA77C4 /* FavoritesViewController.xib */ = {isa = PBXFileReference; lastKnownFileType = file.xib; path = FavoritesViewController.xib; sourceTree = "<group>"; };
		F06C194B23EBC55100EA77C4 /* FavoritesViewModel.swift */ = {isa = PBXFileReference; lastKnownFileType = sourcecode.swift; path = FavoritesViewModel.swift; sourceTree = "<group>"; };
		F06C195223EBC5E300EA77C4 /* FavoritesCell.swift */ = {isa = PBXFileReference; fileEncoding = 4; lastKnownFileType = sourcecode.swift; path = FavoritesCell.swift; sourceTree = "<group>"; };
		F06C195323EBC5E300EA77C4 /* FavoritesCell.xib */ = {isa = PBXFileReference; fileEncoding = 4; lastKnownFileType = file.xib; path = FavoritesCell.xib; sourceTree = "<group>"; };
		F06C195623EBC5FA00EA77C4 /* FavoritesCellViewModel.swift */ = {isa = PBXFileReference; lastKnownFileType = sourcecode.swift; path = FavoritesCellViewModel.swift; sourceTree = "<group>"; };
		F082A75323F3B5CA002CB0EF /* NewsDetailViewModel.swift */ = {isa = PBXFileReference; fileEncoding = 4; lastKnownFileType = sourcecode.swift; path = NewsDetailViewModel.swift; sourceTree = "<group>"; };
		F082A75523F3B7D2002CB0EF /* RealmManager.swift */ = {isa = PBXFileReference; fileEncoding = 4; lastKnownFileType = sourcecode.swift; path = RealmManager.swift; sourceTree = "<group>"; };
		F094DAA123BED339008221E9 /* News US.app */ = {isa = PBXFileReference; explicitFileType = wrapper.application; includeInIndex = 0; path = "News US.app"; sourceTree = BUILT_PRODUCTS_DIR; };
		F094DAA423BED339008221E9 /* AppDelegate.swift */ = {isa = PBXFileReference; lastKnownFileType = sourcecode.swift; path = AppDelegate.swift; sourceTree = "<group>"; };
		F094DAA623BED339008221E9 /* SceneDelegate.swift */ = {isa = PBXFileReference; lastKnownFileType = sourcecode.swift; path = SceneDelegate.swift; sourceTree = "<group>"; };
		F094DAAD23BED33B008221E9 /* Assets.xcassets */ = {isa = PBXFileReference; lastKnownFileType = folder.assetcatalog; path = Assets.xcassets; sourceTree = "<group>"; };
		F094DAB023BED33B008221E9 /* Base */ = {isa = PBXFileReference; lastKnownFileType = file.storyboard; name = Base; path = Base.lproj/LaunchScreen.storyboard; sourceTree = "<group>"; };
		F094DAB223BED33B008221E9 /* Info.plist */ = {isa = PBXFileReference; lastKnownFileType = text.plist.xml; path = Info.plist; sourceTree = "<group>"; };
		F094DAE723BED3FF008221E9 /* BaseViewController.swift */ = {isa = PBXFileReference; fileEncoding = 4; lastKnownFileType = sourcecode.swift; path = BaseViewController.swift; sourceTree = "<group>"; };
		F094DAED23BED41A008221E9 /* CategoryCell.xib */ = {isa = PBXFileReference; fileEncoding = 4; lastKnownFileType = file.xib; path = CategoryCell.xib; sourceTree = "<group>"; };
		F094DAF523BED41A008221E9 /* HomeViewController.xib */ = {isa = PBXFileReference; fileEncoding = 4; lastKnownFileType = file.xib; path = HomeViewController.xib; sourceTree = "<group>"; };
		F094DAF623BED41A008221E9 /* HomeViewController.swift */ = {isa = PBXFileReference; fileEncoding = 4; lastKnownFileType = sourcecode.swift; path = HomeViewController.swift; sourceTree = "<group>"; };
		F094DAF823BED41A008221E9 /* NewsDetailViewController.swift */ = {isa = PBXFileReference; fileEncoding = 4; lastKnownFileType = sourcecode.swift; path = NewsDetailViewController.swift; sourceTree = "<group>"; };
		F094DAF923BED41A008221E9 /* NewsDetailViewController.xib */ = {isa = PBXFileReference; fileEncoding = 4; lastKnownFileType = file.xib; path = NewsDetailViewController.xib; sourceTree = "<group>"; };
		F094DB1D23BEE00E008221E9 /* BaseHomeChildViewController.xib */ = {isa = PBXFileReference; fileEncoding = 4; lastKnownFileType = file.xib; path = BaseHomeChildViewController.xib; sourceTree = "<group>"; };
		F094DB1F23BEE00E008221E9 /* NewsTableViewCell.xib */ = {isa = PBXFileReference; fileEncoding = 4; lastKnownFileType = file.xib; path = NewsTableViewCell.xib; sourceTree = "<group>"; };
		F094DB2023BEE00E008221E9 /* NewsTableViewCell.swift */ = {isa = PBXFileReference; fileEncoding = 4; lastKnownFileType = sourcecode.swift; path = NewsTableViewCell.swift; sourceTree = "<group>"; };
		F094DB2123BEE00E008221E9 /* BaseHomeChildViewController.swift */ = {isa = PBXFileReference; fileEncoding = 4; lastKnownFileType = sourcecode.swift; path = BaseHomeChildViewController.swift; sourceTree = "<group>"; };
		F0ADABF423F52AC00012F1BD /* FavoritesDetailCell.swift */ = {isa = PBXFileReference; fileEncoding = 4; lastKnownFileType = sourcecode.swift; path = FavoritesDetailCell.swift; sourceTree = "<group>"; };
		F0ADABF523F52AC00012F1BD /* FavoritesDetailCellViewModel.swift */ = {isa = PBXFileReference; fileEncoding = 4; lastKnownFileType = sourcecode.swift; path = FavoritesDetailCellViewModel.swift; sourceTree = "<group>"; };
		F0ADABF623F52AC00012F1BD /* FavoritesDetailCell.xib */ = {isa = PBXFileReference; fileEncoding = 4; lastKnownFileType = file.xib; path = FavoritesDetailCell.xib; sourceTree = "<group>"; };
		F0ADABF723F52AC00012F1BD /* FavoritesDetailViewController.swift */ = {isa = PBXFileReference; fileEncoding = 4; lastKnownFileType = sourcecode.swift; path = FavoritesDetailViewController.swift; sourceTree = "<group>"; };
		F0ADABF823F52AC00012F1BD /* FavoritesDetailViewController.xib */ = {isa = PBXFileReference; fileEncoding = 4; lastKnownFileType = file.xib; path = FavoritesDetailViewController.xib; sourceTree = "<group>"; };
		F0ADABF923F52AC00012F1BD /* FavoritesDetailViewModel.swift */ = {isa = PBXFileReference; fileEncoding = 4; lastKnownFileType = sourcecode.swift; path = FavoritesDetailViewModel.swift; sourceTree = "<group>"; };
		F0ADAC0123F540970012F1BD /* SearchNewsViewModel.swift */ = {isa = PBXFileReference; fileEncoding = 4; lastKnownFileType = sourcecode.swift; path = SearchNewsViewModel.swift; sourceTree = "<group>"; };
		F0ADAC0223F540970012F1BD /* SearchNewsViewController.xib */ = {isa = PBXFileReference; fileEncoding = 4; lastKnownFileType = file.xib; path = SearchNewsViewController.xib; sourceTree = "<group>"; };
		F0ADAC0323F540970012F1BD /* SearchNewsViewController.swift */ = {isa = PBXFileReference; fileEncoding = 4; lastKnownFileType = sourcecode.swift; path = SearchNewsViewController.swift; sourceTree = "<group>"; };
		F0ADAC0523F540970012F1BD /* SearchNewsCell.swift */ = {isa = PBXFileReference; fileEncoding = 4; lastKnownFileType = sourcecode.swift; path = SearchNewsCell.swift; sourceTree = "<group>"; };
		F0ADAC0623F540970012F1BD /* SearchNewsCellViewModel.swift */ = {isa = PBXFileReference; fileEncoding = 4; lastKnownFileType = sourcecode.swift; path = SearchNewsCellViewModel.swift; sourceTree = "<group>"; };
		F0ADAC0723F540970012F1BD /* SearchNewsCell.xib */ = {isa = PBXFileReference; fileEncoding = 4; lastKnownFileType = file.xib; path = SearchNewsCell.xib; sourceTree = "<group>"; };
		F0ADAC0E23F541F80012F1BD /* Data.Ext.swift */ = {isa = PBXFileReference; lastKnownFileType = sourcecode.swift; path = Data.Ext.swift; sourceTree = "<group>"; };
		F0DF3D5323CDBD1400E1CD48 /* News.swift */ = {isa = PBXFileReference; fileEncoding = 4; lastKnownFileType = sourcecode.swift; path = News.swift; sourceTree = "<group>"; };
		F0DF3D5523CDBD1400E1CD48 /* APIManager.News.swift */ = {isa = PBXFileReference; fileEncoding = 4; lastKnownFileType = sourcecode.swift; path = APIManager.News.swift; sourceTree = "<group>"; };
		F0DF3D5723CDBD1400E1CD48 /* API.Request.swift */ = {isa = PBXFileReference; fileEncoding = 4; lastKnownFileType = sourcecode.swift; path = API.Request.swift; sourceTree = "<group>"; };
		F0DF3D5823CDBD1400E1CD48 /* APIManager.swift */ = {isa = PBXFileReference; fileEncoding = 4; lastKnownFileType = sourcecode.swift; path = APIManager.swift; sourceTree = "<group>"; };
		F0DF3D5923CDBD1400E1CD48 /* API.swift */ = {isa = PBXFileReference; fileEncoding = 4; lastKnownFileType = sourcecode.swift; path = API.swift; sourceTree = "<group>"; };
		F0DF3D6223CDC22300E1CD48 /* UIImageViewExt.swift */ = {isa = PBXFileReference; lastKnownFileType = sourcecode.swift; path = UIImageViewExt.swift; sourceTree = "<group>"; };
		F0E9109723CC5A1D00038918 /* HomeViewModel.swift */ = {isa = PBXFileReference; lastKnownFileType = sourcecode.swift; path = HomeViewModel.swift; sourceTree = "<group>"; };
		F0E9109923CC657400038918 /* BaseHomeChildViewModel.swift */ = {isa = PBXFileReference; lastKnownFileType = sourcecode.swift; path = BaseHomeChildViewModel.swift; sourceTree = "<group>"; };
		F0E9109E23CC6CF400038918 /* App.swift */ = {isa = PBXFileReference; lastKnownFileType = sourcecode.swift; path = App.swift; sourceTree = "<group>"; };
		F0E910A023CC6D0900038918 /* Errors.swift */ = {isa = PBXFileReference; lastKnownFileType = sourcecode.swift; path = Errors.swift; sourceTree = "<group>"; };
		F0E910A223CC6D2600038918 /* String.swift */ = {isa = PBXFileReference; lastKnownFileType = sourcecode.swift; path = String.swift; sourceTree = "<group>"; };
		F0E910A823CC78BF00038918 /* CategoryCell.swift */ = {isa = PBXFileReference; lastKnownFileType = sourcecode.swift; path = CategoryCell.swift; sourceTree = "<group>"; };
		F0E910AA23CC7AA400038918 /* CategoryCellViewModel.swift */ = {isa = PBXFileReference; lastKnownFileType = sourcecode.swift; path = CategoryCellViewModel.swift; sourceTree = "<group>"; };
		FF466D5D23E28D7A00AC544C /* Date+DateFormatter.Ext.swift */ = {isa = PBXFileReference; fileEncoding = 4; lastKnownFileType = sourcecode.swift; path = "Date+DateFormatter.Ext.swift"; sourceTree = "<group>"; };
/* End PBXFileReference section */

/* Begin PBXFrameworksBuildPhase section */
		F094DA9E23BED339008221E9 /* Frameworks */ = {
			isa = PBXFrameworksBuildPhase;
			buildActionMask = 2147483647;
			files = (
				884725ADA8167F29D97AE587 /* Pods_FinalProject.framework in Frameworks */,
			);
			runOnlyForDeploymentPostprocessing = 0;
		};
/* End PBXFrameworksBuildPhase section */

/* Begin PBXGroup section */
		A7500B9A684D20F74B9DF60A /* Pods */ = {
			isa = PBXGroup;
			children = (
				BB6F40BB5EAD7FFC6F954486 /* Pods-FinalProject.debug.xcconfig */,
				DC055EEE24704CF615773AC1 /* Pods-FinalProject.release.xcconfig */,
			);
			path = Pods;
			sourceTree = "<group>";
		};
		C6A7BF86F0AA6C6FC2CABB28 /* Frameworks */ = {
			isa = PBXGroup;
			children = (
				616A0952860816272EE5A2B1 /* Pods_FinalProject.framework */,
			);
			name = Frameworks;
			sourceTree = "<group>";
		};
		F06C194623EBBEAD00EA77C4 /* FavoritesTabBar */ = {
			isa = PBXGroup;
			children = (
				F06C195123EBC5E300EA77C4 /* FavoritesCell */,
				F06C194823EBBEEB00EA77C4 /* FavoritesViewController.xib */,
				F06C194B23EBC55100EA77C4 /* FavoritesViewModel.swift */,
				F06C194723EBBEEB00EA77C4 /* FavoritesViewController.swift */,
			);
			path = FavoritesTabBar;
			sourceTree = "<group>";
		};
		F06C195123EBC5E300EA77C4 /* FavoritesCell */ = {
			isa = PBXGroup;
			children = (
				F06C195323EBC5E300EA77C4 /* FavoritesCell.xib */,
				F06C195623EBC5FA00EA77C4 /* FavoritesCellViewModel.swift */,
				F06C195223EBC5E300EA77C4 /* FavoritesCell.swift */,
			);
			path = FavoritesCell;
			sourceTree = "<group>";
		};
		F082A75723F3B7D7002CB0EF /* Realm */ = {
			isa = PBXGroup;
			children = (
				F082A75523F3B7D2002CB0EF /* RealmManager.swift */,
			);
			path = Realm;
			sourceTree = "<group>";
		};
		F094DA9823BED338008221E9 = {
			isa = PBXGroup;
			children = (
				F094DAA223BED339008221E9 /* Products */,
				F094DAA323BED339008221E9 /* FinalProject */,
				A7500B9A684D20F74B9DF60A /* Pods */,
				C6A7BF86F0AA6C6FC2CABB28 /* Frameworks */,
			);
			sourceTree = "<group>";
		};
		F094DAA223BED339008221E9 /* Products */ = {
			isa = PBXGroup;
			children = (
				F094DAA123BED339008221E9 /* News US.app */,
			);
			name = Products;
			sourceTree = "<group>";
		};
		F094DAA323BED339008221E9 /* FinalProject */ = {
			isa = PBXGroup;
			children = (
				F094DAB223BED33B008221E9 /* Info.plist */,
				F094DAB923BED3A6008221E9 /* Resource */,
				F094DAB823BED362008221E9 /* AppDelegate */,
				F0E9109D23CC6CE300038918 /* Define */,
				F0DF3D4B23CDBD1400E1CD48 /* Library */,
				F0DF3D4F23CDBD1400E1CD48 /* Model */,
				F094DABA23BED3B0008221E9 /* View */,
			);
			path = FinalProject;
			sourceTree = "<group>";
		};
		F094DAB823BED362008221E9 /* AppDelegate */ = {
			isa = PBXGroup;
			children = (
				F094DAA423BED339008221E9 /* AppDelegate.swift */,
				F094DAA623BED339008221E9 /* SceneDelegate.swift */,
			);
			path = AppDelegate;
			sourceTree = "<group>";
		};
		F094DAB923BED3A6008221E9 /* Resource */ = {
			isa = PBXGroup;
			children = (
				F094DAAD23BED33B008221E9 /* Assets.xcassets */,
				F094DAAF23BED33B008221E9 /* LaunchScreen.storyboard */,
			);
			path = Resource;
			sourceTree = "<group>";
		};
		F094DABA23BED3B0008221E9 /* View */ = {
			isa = PBXGroup;
			children = (
				F094DAE523BED3E8008221E9 /* Base */,
				F094DAE623BED3ED008221E9 /* Controller */,
			);
			path = View;
			sourceTree = "<group>";
		};
		F094DAE523BED3E8008221E9 /* Base */ = {
			isa = PBXGroup;
			children = (
				F094DAE723BED3FF008221E9 /* BaseViewController.swift */,
			);
			path = Base;
			sourceTree = "<group>";
		};
		F094DAE623BED3ED008221E9 /* Controller */ = {
			isa = PBXGroup;
			children = (
				F0ADAC0023F540970012F1BD /* SearchNewsTabBar */,
				F0ADABF223F52AC00012F1BD /* FavoritesDetail */,
				F06C194623EBBEAD00EA77C4 /* FavoritesTabBar */,
				F094DAF723BED41A008221E9 /* NewsDetail */,
				F094DAEB23BED41A008221E9 /* HomeTabBar */,
			);
			path = Controller;
			sourceTree = "<group>";
		};
		F094DAEB23BED41A008221E9 /* HomeTabBar */ = {
			isa = PBXGroup;
			children = (
				F094DAF523BED41A008221E9 /* HomeViewController.xib */,
				F094DAF623BED41A008221E9 /* HomeViewController.swift */,
				F0E9109723CC5A1D00038918 /* HomeViewModel.swift */,
				F094DAEC23BED41A008221E9 /* CategoryCell */,
				F094DAEF23BED41A008221E9 /* BaseHomeChild */,
			);
			path = HomeTabBar;
			sourceTree = "<group>";
		};
		F094DAEC23BED41A008221E9 /* CategoryCell */ = {
			isa = PBXGroup;
			children = (
				F094DAED23BED41A008221E9 /* CategoryCell.xib */,
				F0E910A823CC78BF00038918 /* CategoryCell.swift */,
				F0E910AA23CC7AA400038918 /* CategoryCellViewModel.swift */,
			);
			path = CategoryCell;
			sourceTree = "<group>";
		};
		F094DAEF23BED41A008221E9 /* BaseHomeChild */ = {
			isa = PBXGroup;
			children = (
				F094DB1E23BEE00E008221E9 /* NewsCell */,
				F094DB1D23BEE00E008221E9 /* BaseHomeChildViewController.xib */,
				F094DB2123BEE00E008221E9 /* BaseHomeChildViewController.swift */,
				F0E9109923CC657400038918 /* BaseHomeChildViewModel.swift */,
			);
			path = BaseHomeChild;
			sourceTree = "<group>";
		};
		F094DAF723BED41A008221E9 /* NewsDetail */ = {
			isa = PBXGroup;
			children = (
				F082A75323F3B5CA002CB0EF /* NewsDetailViewModel.swift */,
				F094DAF823BED41A008221E9 /* NewsDetailViewController.swift */,
				F094DAF923BED41A008221E9 /* NewsDetailViewController.xib */,
			);
			path = NewsDetail;
			sourceTree = "<group>";
		};
		F094DB1E23BEE00E008221E9 /* NewsCell */ = {
			isa = PBXGroup;
			children = (
				F094DB1F23BEE00E008221E9 /* NewsTableViewCell.xib */,
				F094DB2023BEE00E008221E9 /* NewsTableViewCell.swift */,
				F02657CE23CD675300C530EC /* NewsTableViewCellViewModel.swift */,
			);
			path = NewsCell;
			sourceTree = "<group>";
		};
		F0ADABF223F52AC00012F1BD /* FavoritesDetail */ = {
			isa = PBXGroup;
			children = (
				F0ADABF323F52AC00012F1BD /* FavoritesDetailCell */,
				F0ADABF723F52AC00012F1BD /* FavoritesDetailViewController.swift */,
				F0ADABF823F52AC00012F1BD /* FavoritesDetailViewController.xib */,
				F0ADABF923F52AC00012F1BD /* FavoritesDetailViewModel.swift */,
			);
			path = FavoritesDetail;
			sourceTree = "<group>";
		};
		F0ADABF323F52AC00012F1BD /* FavoritesDetailCell */ = {
			isa = PBXGroup;
			children = (
				F0ADABF423F52AC00012F1BD /* FavoritesDetailCell.swift */,
				F0ADABF523F52AC00012F1BD /* FavoritesDetailCellViewModel.swift */,
				F0ADABF623F52AC00012F1BD /* FavoritesDetailCell.xib */,
			);
			path = FavoritesDetailCell;
			sourceTree = "<group>";
		};
		F0ADAC0023F540970012F1BD /* SearchNewsTabBar */ = {
			isa = PBXGroup;
			children = (
				F0ADAC0223F540970012F1BD /* SearchNewsViewController.xib */,
				F0ADAC0123F540970012F1BD /* SearchNewsViewModel.swift */,
				F0ADAC0323F540970012F1BD /* SearchNewsViewController.swift */,
				F0ADAC0423F540970012F1BD /* SearchNewsCell */,
			);
			path = SearchNewsTabBar;
			sourceTree = "<group>";
		};
		F0ADAC0423F540970012F1BD /* SearchNewsCell */ = {
			isa = PBXGroup;
			children = (
				F0ADAC0523F540970012F1BD /* SearchNewsCell.swift */,
				F0ADAC0623F540970012F1BD /* SearchNewsCellViewModel.swift */,
				F0ADAC0723F540970012F1BD /* SearchNewsCell.xib */,
			);
			path = SearchNewsCell;
			sourceTree = "<group>";
		};
		F0DF3D4B23CDBD1400E1CD48 /* Library */ = {
			isa = PBXGroup;
			children = (
				F0DF3D4C23CDBD1400E1CD48 /* Ext */,
			);
			path = Library;
			sourceTree = "<group>";
		};
		F0DF3D4C23CDBD1400E1CD48 /* Ext */ = {
			isa = PBXGroup;
			children = (
				F0ADAC0E23F541F80012F1BD /* Data.Ext.swift */,
				FF466D5D23E28D7A00AC544C /* Date+DateFormatter.Ext.swift */,
				F0DF3D6223CDC22300E1CD48 /* UIImageViewExt.swift */,
			);
			path = Ext;
			sourceTree = "<group>";
		};
		F0DF3D4F23CDBD1400E1CD48 /* Model */ = {
			isa = PBXGroup;
			children = (
				F0DF3D5223CDBD1400E1CD48 /* Object */,
				F082A75723F3B7D7002CB0EF /* Realm */,
				F0DF3D5423CDBD1400E1CD48 /* API */,
			);
			path = Model;
			sourceTree = "<group>";
		};
		F0DF3D5223CDBD1400E1CD48 /* Object */ = {
			isa = PBXGroup;
			children = (
				F0DF3D5323CDBD1400E1CD48 /* News.swift */,
			);
			path = Object;
			sourceTree = "<group>";
		};
		F0DF3D5423CDBD1400E1CD48 /* API */ = {
			isa = PBXGroup;
			children = (
				F0DF3D5823CDBD1400E1CD48 /* APIManager.swift */,
				F0DF3D5523CDBD1400E1CD48 /* APIManager.News.swift */,
				F038D99223CEBD5D00482320 /* APIManager.DownLoader.swift */,
				F0DF3D5623CDBD1400E1CD48 /* Core */,
			);
			path = API;
			sourceTree = "<group>";
		};
		F0DF3D5623CDBD1400E1CD48 /* Core */ = {
			isa = PBXGroup;
			children = (
				F0DF3D5923CDBD1400E1CD48 /* API.swift */,
				F0DF3D5723CDBD1400E1CD48 /* API.Request.swift */,
			);
			path = Core;
			sourceTree = "<group>";
		};
		F0E9109D23CC6CE300038918 /* Define */ = {
			isa = PBXGroup;
			children = (
				F0E9109E23CC6CF400038918 /* App.swift */,
				F0E910A023CC6D0900038918 /* Errors.swift */,
				F0E910A223CC6D2600038918 /* String.swift */,
			);
			path = Define;
			sourceTree = "<group>";
		};
/* End PBXGroup section */

/* Begin PBXNativeTarget section */
		F094DAA023BED339008221E9 /* FinalProject */ = {
			isa = PBXNativeTarget;
			buildConfigurationList = F094DAB523BED33B008221E9 /* Build configuration list for PBXNativeTarget "FinalProject" */;
			buildPhases = (
				D557822030C220677FAE3EED /* [CP] Check Pods Manifest.lock */,
				C232E7B723F28D4800E7FADC /* SwiftLint */,
				F094DA9D23BED339008221E9 /* Sources */,
				F094DA9E23BED339008221E9 /* Frameworks */,
				F094DA9F23BED339008221E9 /* Resources */,
				F5ACC12C9E0C7C398D226FD4 /* [CP] Embed Pods Frameworks */,
			);
			buildRules = (
			);
			dependencies = (
			);
			name = FinalProject;
			productName = FinalProject;
			productReference = F094DAA123BED339008221E9 /* News US.app */;
			productType = "com.apple.product-type.application";
		};
/* End PBXNativeTarget section */

/* Begin PBXProject section */
		F094DA9923BED338008221E9 /* Project object */ = {
			isa = PBXProject;
			attributes = {
				LastSwiftUpdateCheck = 1120;
				LastUpgradeCheck = 1120;
				ORGANIZATIONNAME = TranVanTien;
				TargetAttributes = {
					F094DAA023BED339008221E9 = {
						CreatedOnToolsVersion = 11.2;
					};
				};
			};
			buildConfigurationList = F094DA9C23BED338008221E9 /* Build configuration list for PBXProject "FinalProject" */;
			compatibilityVersion = "Xcode 9.3";
			developmentRegion = en;
			hasScannedForEncodings = 0;
			knownRegions = (
				en,
				Base,
			);
			mainGroup = F094DA9823BED338008221E9;
			productRefGroup = F094DAA223BED339008221E9 /* Products */;
			projectDirPath = "";
			projectRoot = "";
			targets = (
				F094DAA023BED339008221E9 /* FinalProject */,
			);
		};
/* End PBXProject section */

/* Begin PBXResourcesBuildPhase section */
		F094DA9F23BED339008221E9 /* Resources */ = {
			isa = PBXResourcesBuildPhase;
			buildActionMask = 2147483647;
			files = (
				F094DB2223BEE00E008221E9 /* BaseHomeChildViewController.xib in Resources */,
				F094DB0423BED41A008221E9 /* CategoryCell.xib in Resources */,
				F094DB0D23BED41A008221E9 /* NewsDetailViewController.xib in Resources */,
				F0ADAC0923F540970012F1BD /* SearchNewsViewController.xib in Resources */,
				F0ADAC0D23F540970012F1BD /* SearchNewsCell.xib in Resources */,
				F094DAB123BED33B008221E9 /* LaunchScreen.storyboard in Resources */,
				F094DAAE23BED33B008221E9 /* Assets.xcassets in Resources */,
				F06C195523EBC5E300EA77C4 /* FavoritesCell.xib in Resources */,
				F0ADABFC23F52AC00012F1BD /* FavoritesDetailCell.xib in Resources */,
				F094DB2323BEE00E008221E9 /* NewsTableViewCell.xib in Resources */,
				F06C194A23EBBEEB00EA77C4 /* FavoritesViewController.xib in Resources */,
				F0ADABFE23F52AC00012F1BD /* FavoritesDetailViewController.xib in Resources */,
				F094DB0A23BED41A008221E9 /* HomeViewController.xib in Resources */,
			);
			runOnlyForDeploymentPostprocessing = 0;
		};
/* End PBXResourcesBuildPhase section */

/* Begin PBXShellScriptBuildPhase section */
		C232E7B723F28D4800E7FADC /* SwiftLint */ = {
			isa = PBXShellScriptBuildPhase;
			buildActionMask = 2147483647;
			files = (
			);
			inputFileListPaths = (
			);
			inputPaths = (
			);
			name = SwiftLint;
			outputFileListPaths = (
			);
			outputPaths = (
			);
			runOnlyForDeploymentPostprocessing = 0;
			shellPath = /bin/sh;
			shellScript = "if [[ \"$CI\" == 'true' ]]; then\n    exit 0\nfi\n\nif [[ -s \"${PODS_ROOT}/SwiftLint/swiftlint\" ]]; then\n    echo 'Linting...'\n    \"${PODS_ROOT}/SwiftLint/swiftlint\"\nelse\n    echo 'error: SwiftLint not installed, please read README first.'\n    exit 1\nfi\n";
		};
		D557822030C220677FAE3EED /* [CP] Check Pods Manifest.lock */ = {
			isa = PBXShellScriptBuildPhase;
			buildActionMask = 2147483647;
			files = (
			);
			inputFileListPaths = (
			);
			inputPaths = (
				"${PODS_PODFILE_DIR_PATH}/Podfile.lock",
				"${PODS_ROOT}/Manifest.lock",
			);
			name = "[CP] Check Pods Manifest.lock";
			outputFileListPaths = (
			);
			outputPaths = (
				"$(DERIVED_FILE_DIR)/Pods-FinalProject-checkManifestLockResult.txt",
			);
			runOnlyForDeploymentPostprocessing = 0;
			shellPath = /bin/sh;
			shellScript = "diff \"${PODS_PODFILE_DIR_PATH}/Podfile.lock\" \"${PODS_ROOT}/Manifest.lock\" > /dev/null\nif [ $? != 0 ] ; then\n    # print error to STDERR\n    echo \"error: The sandbox is not in sync with the Podfile.lock. Run 'pod install' or update your CocoaPods installation.\" >&2\n    exit 1\nfi\n# This output is used by Xcode 'outputs' to avoid re-running this script phase.\necho \"SUCCESS\" > \"${SCRIPT_OUTPUT_FILE_0}\"\n";
			showEnvVarsInLog = 0;
		};
		F5ACC12C9E0C7C398D226FD4 /* [CP] Embed Pods Frameworks */ = {
			isa = PBXShellScriptBuildPhase;
			buildActionMask = 2147483647;
			files = (
			);
			inputFileListPaths = (
				"${PODS_ROOT}/Target Support Files/Pods-FinalProject/Pods-FinalProject-frameworks-${CONFIGURATION}-input-files.xcfilelist",
			);
			name = "[CP] Embed Pods Frameworks";
			outputFileListPaths = (
				"${PODS_ROOT}/Target Support Files/Pods-FinalProject/Pods-FinalProject-frameworks-${CONFIGURATION}-output-files.xcfilelist",
			);
			runOnlyForDeploymentPostprocessing = 0;
			shellPath = /bin/sh;
			shellScript = "\"${PODS_ROOT}/Target Support Files/Pods-FinalProject/Pods-FinalProject-frameworks.sh\"\n";
			showEnvVarsInLog = 0;
		};
/* End PBXShellScriptBuildPhase section */

/* Begin PBXSourcesBuildPhase section */
		F094DA9D23BED339008221E9 /* Sources */ = {
			isa = PBXSourcesBuildPhase;
			buildActionMask = 2147483647;
			files = (
				F082A75423F3B5CA002CB0EF /* NewsDetailViewModel.swift in Sources */,
				F038D99323CEBD5D00482320 /* APIManager.DownLoader.swift in Sources */,
				F094DB0B23BED41A008221E9 /* HomeViewController.swift in Sources */,
				F094DB2523BEE00E008221E9 /* BaseHomeChildViewController.swift in Sources */,
				F0E9109823CC5A1D00038918 /* HomeViewModel.swift in Sources */,
				FF466D5E23E28D7A00AC544C /* Date+DateFormatter.Ext.swift in Sources */,
				F06C194C23EBC55100EA77C4 /* FavoritesViewModel.swift in Sources */,
				F0E910A323CC6D2600038918 /* String.swift in Sources */,
				F0DF3D6323CDC22300E1CD48 /* UIImageViewExt.swift in Sources */,
				F0ADABFF23F52AC00012F1BD /* FavoritesDetailViewModel.swift in Sources */,
				F0ADABFB23F52AC00012F1BD /* FavoritesDetailCellViewModel.swift in Sources */,
				F0DF3D5E23CDBD1400E1CD48 /* APIManager.News.swift in Sources */,
				F0DF3D6023CDBD1400E1CD48 /* APIManager.swift in Sources */,
				F094DAA523BED339008221E9 /* AppDelegate.swift in Sources */,
				F0ADAC0B23F540970012F1BD /* SearchNewsCell.swift in Sources */,
				F06C194923EBBEEB00EA77C4 /* FavoritesViewController.swift in Sources */,
				F06C195723EBC5FA00EA77C4 /* FavoritesCellViewModel.swift in Sources */,
				F082A75623F3B7D2002CB0EF /* RealmManager.swift in Sources */,
				F02657CF23CD675300C530EC /* NewsTableViewCellViewModel.swift in Sources */,
				F0ADAC0A23F540970012F1BD /* SearchNewsViewController.swift in Sources */,
				F094DB0C23BED41A008221E9 /* NewsDetailViewController.swift in Sources */,
				F0E910A123CC6D0900038918 /* Errors.swift in Sources */,
				F0ADABFA23F52AC00012F1BD /* FavoritesDetailCell.swift in Sources */,
				F094DAA723BED339008221E9 /* SceneDelegate.swift in Sources */,
				F094DAE923BED400008221E9 /* BaseViewController.swift in Sources */,
				F0E9109F23CC6CF400038918 /* App.swift in Sources */,
				F0DF3D5F23CDBD1400E1CD48 /* API.Request.swift in Sources */,
				F0ADAC0823F540970012F1BD /* SearchNewsViewModel.swift in Sources */,
				F06C195423EBC5E300EA77C4 /* FavoritesCell.swift in Sources */,
				F094DB2423BEE00E008221E9 /* NewsTableViewCell.swift in Sources */,
				F0ADAC0F23F541F80012F1BD /* Data.Ext.swift in Sources */,
				F0E9109A23CC657400038918 /* BaseHomeChildViewModel.swift in Sources */,
				F0ADABFD23F52AC00012F1BD /* FavoritesDetailViewController.swift in Sources */,
				F0E910A923CC78BF00038918 /* CategoryCell.swift in Sources */,
				F0DF3D5D23CDBD1400E1CD48 /* News.swift in Sources */,
				F0DF3D6123CDBD1400E1CD48 /* API.swift in Sources */,
				F0E910AB23CC7AA400038918 /* CategoryCellViewModel.swift in Sources */,
				F0ADAC0C23F540970012F1BD /* SearchNewsCellViewModel.swift in Sources */,
			);
			runOnlyForDeploymentPostprocessing = 0;
		};
/* End PBXSourcesBuildPhase section */

/* Begin PBXVariantGroup section */
		F094DAAF23BED33B008221E9 /* LaunchScreen.storyboard */ = {
			isa = PBXVariantGroup;
			children = (
				F094DAB023BED33B008221E9 /* Base */,
			);
			name = LaunchScreen.storyboard;
			sourceTree = "<group>";
		};
/* End PBXVariantGroup section */

/* Begin XCBuildConfiguration section */
		F094DAB323BED33B008221E9 /* Debug */ = {
			isa = XCBuildConfiguration;
			buildSettings = {
				ALWAYS_SEARCH_USER_PATHS = NO;
				CLANG_ANALYZER_NONNULL = YES;
				CLANG_ANALYZER_NUMBER_OBJECT_CONVERSION = YES_AGGRESSIVE;
				CLANG_CXX_LANGUAGE_STANDARD = "gnu++14";
				CLANG_CXX_LIBRARY = "libc++";
				CLANG_ENABLE_MODULES = YES;
				CLANG_ENABLE_OBJC_ARC = YES;
				CLANG_ENABLE_OBJC_WEAK = YES;
				CLANG_WARN_BLOCK_CAPTURE_AUTORELEASING = YES;
				CLANG_WARN_BOOL_CONVERSION = YES;
				CLANG_WARN_COMMA = YES;
				CLANG_WARN_CONSTANT_CONVERSION = YES;
				CLANG_WARN_DEPRECATED_OBJC_IMPLEMENTATIONS = YES;
				CLANG_WARN_DIRECT_OBJC_ISA_USAGE = YES_ERROR;
				CLANG_WARN_DOCUMENTATION_COMMENTS = YES;
				CLANG_WARN_EMPTY_BODY = YES;
				CLANG_WARN_ENUM_CONVERSION = YES;
				CLANG_WARN_INFINITE_RECURSION = YES;
				CLANG_WARN_INT_CONVERSION = YES;
				CLANG_WARN_NON_LITERAL_NULL_CONVERSION = YES;
				CLANG_WARN_OBJC_IMPLICIT_RETAIN_SELF = YES;
				CLANG_WARN_OBJC_LITERAL_CONVERSION = YES;
				CLANG_WARN_OBJC_ROOT_CLASS = YES_ERROR;
				CLANG_WARN_RANGE_LOOP_ANALYSIS = YES;
				CLANG_WARN_STRICT_PROTOTYPES = YES;
				CLANG_WARN_SUSPICIOUS_MOVE = YES;
				CLANG_WARN_UNGUARDED_AVAILABILITY = YES_AGGRESSIVE;
				CLANG_WARN_UNREACHABLE_CODE = YES;
				CLANG_WARN__DUPLICATE_METHOD_MATCH = YES;
				COPY_PHASE_STRIP = NO;
				DEBUG_INFORMATION_FORMAT = dwarf;
				ENABLE_STRICT_OBJC_MSGSEND = YES;
				ENABLE_TESTABILITY = YES;
				GCC_C_LANGUAGE_STANDARD = gnu11;
				GCC_DYNAMIC_NO_PIC = NO;
				GCC_NO_COMMON_BLOCKS = YES;
				GCC_OPTIMIZATION_LEVEL = 0;
				GCC_PREPROCESSOR_DEFINITIONS = (
					"DEBUG=1",
					"$(inherited)",
				);
				GCC_WARN_64_TO_32_BIT_CONVERSION = YES;
				GCC_WARN_ABOUT_RETURN_TYPE = YES_ERROR;
				GCC_WARN_UNDECLARED_SELECTOR = YES;
				GCC_WARN_UNINITIALIZED_AUTOS = YES_AGGRESSIVE;
				GCC_WARN_UNUSED_FUNCTION = YES;
				GCC_WARN_UNUSED_VARIABLE = YES;
				IPHONEOS_DEPLOYMENT_TARGET = 13.2;
				MTL_ENABLE_DEBUG_INFO = INCLUDE_SOURCE;
				MTL_FAST_MATH = YES;
				ONLY_ACTIVE_ARCH = YES;
				SDKROOT = iphoneos;
				SWIFT_ACTIVE_COMPILATION_CONDITIONS = DEBUG;
				SWIFT_OPTIMIZATION_LEVEL = "-Onone";
			};
			name = Debug;
		};
		F094DAB423BED33B008221E9 /* Release */ = {
			isa = XCBuildConfiguration;
			buildSettings = {
				ALWAYS_SEARCH_USER_PATHS = NO;
				CLANG_ANALYZER_NONNULL = YES;
				CLANG_ANALYZER_NUMBER_OBJECT_CONVERSION = YES_AGGRESSIVE;
				CLANG_CXX_LANGUAGE_STANDARD = "gnu++14";
				CLANG_CXX_LIBRARY = "libc++";
				CLANG_ENABLE_MODULES = YES;
				CLANG_ENABLE_OBJC_ARC = YES;
				CLANG_ENABLE_OBJC_WEAK = YES;
				CLANG_WARN_BLOCK_CAPTURE_AUTORELEASING = YES;
				CLANG_WARN_BOOL_CONVERSION = YES;
				CLANG_WARN_COMMA = YES;
				CLANG_WARN_CONSTANT_CONVERSION = YES;
				CLANG_WARN_DEPRECATED_OBJC_IMPLEMENTATIONS = YES;
				CLANG_WARN_DIRECT_OBJC_ISA_USAGE = YES_ERROR;
				CLANG_WARN_DOCUMENTATION_COMMENTS = YES;
				CLANG_WARN_EMPTY_BODY = YES;
				CLANG_WARN_ENUM_CONVERSION = YES;
				CLANG_WARN_INFINITE_RECURSION = YES;
				CLANG_WARN_INT_CONVERSION = YES;
				CLANG_WARN_NON_LITERAL_NULL_CONVERSION = YES;
				CLANG_WARN_OBJC_IMPLICIT_RETAIN_SELF = YES;
				CLANG_WARN_OBJC_LITERAL_CONVERSION = YES;
				CLANG_WARN_OBJC_ROOT_CLASS = YES_ERROR;
				CLANG_WARN_RANGE_LOOP_ANALYSIS = YES;
				CLANG_WARN_STRICT_PROTOTYPES = YES;
				CLANG_WARN_SUSPICIOUS_MOVE = YES;
				CLANG_WARN_UNGUARDED_AVAILABILITY = YES_AGGRESSIVE;
				CLANG_WARN_UNREACHABLE_CODE = YES;
				CLANG_WARN__DUPLICATE_METHOD_MATCH = YES;
				COPY_PHASE_STRIP = NO;
				DEBUG_INFORMATION_FORMAT = "dwarf-with-dsym";
				ENABLE_NS_ASSERTIONS = NO;
				ENABLE_STRICT_OBJC_MSGSEND = YES;
				GCC_C_LANGUAGE_STANDARD = gnu11;
				GCC_NO_COMMON_BLOCKS = YES;
				GCC_WARN_64_TO_32_BIT_CONVERSION = YES;
				GCC_WARN_ABOUT_RETURN_TYPE = YES_ERROR;
				GCC_WARN_UNDECLARED_SELECTOR = YES;
				GCC_WARN_UNINITIALIZED_AUTOS = YES_AGGRESSIVE;
				GCC_WARN_UNUSED_FUNCTION = YES;
				GCC_WARN_UNUSED_VARIABLE = YES;
				IPHONEOS_DEPLOYMENT_TARGET = 13.2;
				MTL_ENABLE_DEBUG_INFO = NO;
				MTL_FAST_MATH = YES;
				SDKROOT = iphoneos;
				SWIFT_COMPILATION_MODE = wholemodule;
				SWIFT_OPTIMIZATION_LEVEL = "-O";
				VALIDATE_PRODUCT = YES;
			};
			name = Release;
		};
		F094DAB623BED33B008221E9 /* Debug */ = {
			isa = XCBuildConfiguration;
			baseConfigurationReference = BB6F40BB5EAD7FFC6F954486 /* Pods-FinalProject.debug.xcconfig */;
			buildSettings = {
				ASSETCATALOG_COMPILER_APPICON_NAME = AppIcon;
				CODE_SIGN_STYLE = Automatic;
				DEVELOPMENT_TEAM = PZSS652ZAC;
				INFOPLIST_FILE = FinalProject/Info.plist;
				LD_RUNPATH_SEARCH_PATHS = (
					"$(inherited)",
					"@executable_path/Frameworks",
				);
				PRODUCT_BUNDLE_IDENTIFIER = com.lybkit.FinalProject;
				PRODUCT_NAME = "News US";
				SWIFT_VERSION = 5.0;
				TARGETED_DEVICE_FAMILY = "1,2";
			};
			name = Debug;
		};
		F094DAB723BED33B008221E9 /* Release */ = {
			isa = XCBuildConfiguration;
			baseConfigurationReference = DC055EEE24704CF615773AC1 /* Pods-FinalProject.release.xcconfig */;
			buildSettings = {
				ASSETCATALOG_COMPILER_APPICON_NAME = AppIcon;
				CODE_SIGN_STYLE = Automatic;
				DEVELOPMENT_TEAM = PZSS652ZAC;
				INFOPLIST_FILE = FinalProject/Info.plist;
				LD_RUNPATH_SEARCH_PATHS = (
					"$(inherited)",
					"@executable_path/Frameworks",
				);
				PRODUCT_BUNDLE_IDENTIFIER = com.lybkit.FinalProject;
				PRODUCT_NAME = "News US";
				SWIFT_VERSION = 5.0;
				TARGETED_DEVICE_FAMILY = "1,2";
			};
			name = Release;
		};
/* End XCBuildConfiguration section */

/* Begin XCConfigurationList section */
		F094DA9C23BED338008221E9 /* Build configuration list for PBXProject "FinalProject" */ = {
			isa = XCConfigurationList;
			buildConfigurations = (
				F094DAB323BED33B008221E9 /* Debug */,
				F094DAB423BED33B008221E9 /* Release */,
			);
			defaultConfigurationIsVisible = 0;
			defaultConfigurationName = Release;
		};
		F094DAB523BED33B008221E9 /* Build configuration list for PBXNativeTarget "FinalProject" */ = {
			isa = XCConfigurationList;
			buildConfigurations = (
				F094DAB623BED33B008221E9 /* Debug */,
				F094DAB723BED33B008221E9 /* Release */,
			);
			defaultConfigurationIsVisible = 0;
			defaultConfigurationName = Release;
		};
/* End XCConfigurationList section */
	};
	rootObject = F094DA9923BED338008221E9 /* Project object */;
}
